
Microsoft Visual Studio Solution File, Format Version 12.00
# Visual Studio Version 16
VisualStudioVersion = 16.0.30413.136
MinimumVisualStudioVersion = 10.0.40219.1
Project("{FAE04EC0-301F-11D3-BF4B-00C04F79EFBC}") = "Queue", "Queue\Queue.csproj", "{270AA22D-CE12-4949-9FEB-E8A027220E65}"
EndProject
Global
	GlobalSection(SolutionConfigurationPlatforms) = preSolution
		Debug|Any CPU = Debug|Any CPU
		Release|Any CPU = Release|Any CPU
	EndGlobalSection
	GlobalSection(ProjectConfigurationPlatforms) = postSolution
		{270AA22D-CE12-4949-9FEB-E8A027220E65}.Debug|Any CPU.ActiveCfg = Debug|Any CPU
		{270AA22D-CE12-4949-9FEB-E8A027220E65}.Debug|Any CPU.Build.0 = Debug|Any CPU
		{270AA22D-CE12-4949-9FEB-E8A027220E65}.Release|Any CPU.ActiveCfg = Release|Any CPU
		{270AA22D-CE12-4949-9FEB-E8A027220E65}.Release|Any CPU.Build.0 = Release|Any CPU
	EndGlobalSection
	GlobalSection(SolutionProperties) = preSolution
		HideSolutionNode = FALSE
	EndGlobalSection
	GlobalSection(ExtensibilityGlobals) = postSolution
		SolutionGuid = {C69FE046-5EB7-4623-8E6D-735FC571E74C}
	EndGlobalSection
EndGlobal
