
Microsoft Visual Studio Solution File, Format Version 12.00
# Visual Studio Version 16
VisualStudioVersion = 16.0.30709.132
MinimumVisualStudioVersion = 10.0.40219.1
Project("{9A19103F-16F7-4668-BE54-9A1E7A4F7556}") = "Bridge", "Bridge.csproj", "{36126203-1B8B-4111-854B-CD5C7F8A7D79}"
EndProject
Global
	GlobalSection(SolutionConfigurationPlatforms) = preSolution
		Debug|Any CPU = Debug|Any CPU
		Release|Any CPU = Release|Any CPU
	EndGlobalSection
	GlobalSection(ProjectConfigurationPlatforms) = postSolution
		{36126203-1B8B-4111-854B-CD5C7F8A7D79}.Debug|Any CPU.ActiveCfg = Debug|Any CPU
		{36126203-1B8B-4111-854B-CD5C7F8A7D79}.Debug|Any CPU.Build.0 = Debug|Any CPU
		{36126203-1B8B-4111-854B-CD5C7F8A7D79}.Release|Any CPU.ActiveCfg = Release|Any CPU
		{36126203-1B8B-4111-854B-CD5C7F8A7D79}.Release|Any CPU.Build.0 = Release|Any CPU
	EndGlobalSection
	GlobalSection(SolutionProperties) = preSolution
		HideSolutionNode = FALSE
	EndGlobalSection
	GlobalSection(ExtensibilityGlobals) = postSolution
		SolutionGuid = {77EB82AB-C258-43BB-8DE4-9F88229E7A49}
	EndGlobalSection
EndGlobal
