
Microsoft Visual Studio Solution File, Format Version 12.00
# Visual Studio Version 16
VisualStudioVersion = 16.0.30413.136
MinimumVisualStudioVersion = 10.0.40219.1
Project("{FAE04EC0-301F-11D3-BF4B-00C04F79EFBC}") = "InsertionSort", "InsertionSort\InsertionSort.csproj", "{68F1CAEE-E6AA-4381-8775-2AA19E447607}"
EndProject
Global
	GlobalSection(SolutionConfigurationPlatforms) = preSolution
		Debug|Any CPU = Debug|Any CPU
		Release|Any CPU = Release|Any CPU
	EndGlobalSection
	GlobalSection(ProjectConfigurationPlatforms) = postSolution
		{68F1CAEE-E6AA-4381-8775-2AA19E447607}.Debug|Any CPU.ActiveCfg = Debug|Any CPU
		{68F1CAEE-E6AA-4381-8775-2AA19E447607}.Debug|Any CPU.Build.0 = Debug|Any CPU
		{68F1CAEE-E6AA-4381-8775-2AA19E447607}.Release|Any CPU.ActiveCfg = Release|Any CPU
		{68F1CAEE-E6AA-4381-8775-2AA19E447607}.Release|Any CPU.Build.0 = Release|Any CPU
	EndGlobalSection
	GlobalSection(SolutionProperties) = preSolution
		HideSolutionNode = FALSE
	EndGlobalSection
	GlobalSection(ExtensibilityGlobals) = postSolution
		SolutionGuid = {8BA5439B-9CEC-4D4D-BF5C-20C4CD2C1C8A}
	EndGlobalSection
EndGlobal
