
Microsoft Visual Studio Solution File, Format Version 12.00
# Visual Studio Version 16
VisualStudioVersion = 16.0.30709.132
MinimumVisualStudioVersion = 10.0.40219.1
Project("{FAE04EC0-301F-11D3-BF4B-00C04F79EFBC}") = "MVC", "MVC\MVC.csproj", "{104B05FE-1EEF-4B97-92C6-EAC345594E8E}"
EndProject
Global
	GlobalSection(SolutionConfigurationPlatforms) = preSolution
		Debug|Any CPU = Debug|Any CPU
		Release|Any CPU = Release|Any CPU
	EndGlobalSection
	GlobalSection(ProjectConfigurationPlatforms) = postSolution
		{104B05FE-1EEF-4B97-92C6-EAC345594E8E}.Debug|Any CPU.ActiveCfg = Debug|Any CPU
		{104B05FE-1EEF-4B97-92C6-EAC345594E8E}.Debug|Any CPU.Build.0 = Debug|Any CPU
		{104B05FE-1EEF-4B97-92C6-EAC345594E8E}.Release|Any CPU.ActiveCfg = Release|Any CPU
		{104B05FE-1EEF-4B97-92C6-EAC345594E8E}.Release|Any CPU.Build.0 = Release|Any CPU
	EndGlobalSection
	GlobalSection(SolutionProperties) = preSolution
		HideSolutionNode = FALSE
	EndGlobalSection
	GlobalSection(ExtensibilityGlobals) = postSolution
		SolutionGuid = {9829CA2C-65F5-42E3-8402-665E13517C3B}
	EndGlobalSection
EndGlobal
